// !$*UTF8*$!
{
	archiveVersion = 1;
	classes = {
	};
	objectVersion = 46;
	objects = {

/* Begin PBXGroup section */
		E80DECD61DAE479200E9CE0A = {
			isa = PBXGroup;
			children = (
			);
			sourceTree = "<group>";
		};
/* End PBXGroup section */

/* Begin PBXProject section */
		E80DECD71DAE479200E9CE0A /* Project object */ = {
			isa = PBXProject;
			attributes = {
				LastUpgradeCheck = 0800;
			};
			buildConfigurationList = E80DECDA1DAE479200E9CE0A /* Build configuration list for PBXProject "Swift-Kuery-SQLite" */;
			compatibilityVersion = "Xcode 3.2";
			developmentRegion = English;
			hasScannedForEncodings = 0;
			knownRegions = (
				en,
			);
			mainGroup = E80DECD61DAE479200E9CE0A;
			projectDirPath = "";
			projectRoot = "";
			targets = (
			);
		};
/* End PBXProject section */

/* Begin XCBuildConfiguration section */
		E80DECDB1DAE479200E9CE0A /* Debug */ = {
			isa = XCBuildConfiguration;
			buildSettings = {
			};
			name = Debug;
		};
		E80DECDC1DAE479200E9CE0A /* Release */ = {
			isa = XCBuildConfiguration;
			buildSettings = {
			};
			name = Release;
		};
/* End XCBuildConfiguration section */

/* Begin XCConfigurationList section */
		E80DECDA1DAE479200E9CE0A /* Build configuration list for PBXProject "Swift-Kuery-SQLite" */ = {
			isa = XCConfigurationList;
			buildConfigurations = (
				E80DECDB1DAE479200E9CE0A /* Debug */,
				E80DECDC1DAE479200E9CE0A /* Release */,
			);
			defaultConfigurationIsVisible = 0;
			defaultConfigurationName = Release;
		};
/* End XCConfigurationList section */
	};
	rootObject = E80DECD71DAE479200E9CE0A /* Project object */;
}
